
Microsoft Visual Studio Solution File, Format Version 12.00
# Visual Studio Version 16
VisualStudioVersion = 16.0.32106.194
MinimumVisualStudioVersion = 10.0.40219.1
Project("{8BC9CEB8-8B4A-11D0-8D11-00A0C91BC942}") = "openGL cherno", "openGL cherno\openGL cherno.vcxproj", "{83D2B319-1F24-4AC3-A2F1-8203524BF087}"
EndProject
Global
	GlobalSection(SolutionConfigurationPlatforms) = preSolution
		Debug|x64 = Debug|x64
		Debug|x86 = Debug|x86
		Release|x64 = Release|x64
		Release|x86 = Release|x86
	EndGlobalSection
	GlobalSection(ProjectConfigurationPlatforms) = postSolution
		{83D2B319-1F24-4AC3-A2F1-8203524BF087}.Debug|x64.ActiveCfg = Debug|x64
		{83D2B319-1F24-4AC3-A2F1-8203524BF087}.Debug|x64.Build.0 = Debug|x64
		{83D2B319-1F24-4AC3-A2F1-8203524BF087}.Debug|x86.ActiveCfg = Debug|Win32
		{83D2B319-1F24-4AC3-A2F1-8203524BF087}.Debug|x86.Build.0 = Debug|Win32
		{83D2B319-1F24-4AC3-A2F1-8203524BF087}.Release|x64.ActiveCfg = Release|x64
		{83D2B319-1F24-4AC3-A2F1-8203524BF087}.Release|x64.Build.0 = Release|x64
		{83D2B319-1F24-4AC3-A2F1-8203524BF087}.Release|x86.ActiveCfg = Release|Win32
		{83D2B319-1F24-4AC3-A2F1-8203524BF087}.Release|x86.Build.0 = Release|Win32
	EndGlobalSection
	GlobalSection(SolutionProperties) = preSolution
		HideSolutionNode = FALSE
	EndGlobalSection
	GlobalSection(ExtensibilityGlobals) = postSolution
		SolutionGuid = {250ADF7D-20E5-4130-A13E-65A21DA262CE}
	EndGlobalSection
EndGlobal
